{
  "name": "authmereloaded-password-decryption-and-validation-in-javascript",
  "version": "1.0.0",
  "lockfileVersion": 2,
  "requires": true,
  "packages": {
    "": {
      "name": "authmereloaded-password-decryption-and-validation-in-javascript",
      "version": "1.0.0",
      "license": "ISC",
      "dependencies": {
        "salted-sha256": "^1.0.0"
      }
    },
    "node_modules/salted-sha256": {
      "version": "1.0.0",
      "resolved": "https://registry.npmjs.org/salted-sha256/-/salted-sha256-1.0.0.tgz",
      "integrity": "sha512-ex5G7nAU0n7/a2ImgMNh6FkW84hhMjyYG0zLZj1O7yYJrQIE9ckyDUdpVb9KZ5+LJAiKiu4X3A8VgAxzWC9wAw=="
    }
  },
  "dependencies": {
    "salted-sha256": {
      "version": "1.0.0",
      "resolved": "https://registry.npmjs.org/salted-sha256/-/salted-sha256-1.0.0.tgz",
      "integrity": "sha512-ex5G7nAU0n7/a2ImgMNh6FkW84hhMjyYG0zLZj1O7yYJrQIE9ckyDUdpVb9KZ5+LJAiKiu4X3A8VgAxzWC9wAw=="
    }
  }
}